
Microsoft Visual Studio Solution File, Format Version 12.00
# Visual Studio Version 16
VisualStudioVersion = 16.0.30114.105
MinimumVisualStudioVersion = 10.0.40219.1
Project("{FAE04EC0-301F-11D3-BF4B-00C04F79EFBC}") = "Mpesa.lib", "Mpesa.lib\Mpesa.lib.csproj", "{3CC350F5-13D3-48B6-9F1D-58BBF3CFA1A6}"
EndProject
Project("{FAE04EC0-301F-11D3-BF4B-00C04F79EFBC}") = "Mpesa.Tests", "Mpesa.Tests\Mpesa.Tests.csproj", "{88274AEF-A072-4196-92E1-254CD8B94E1D}"
EndProject
Global
	GlobalSection(SolutionConfigurationPlatforms) = preSolution
		Debug|Any CPU = Debug|Any CPU
		Release|Any CPU = Release|Any CPU
	EndGlobalSection
	GlobalSection(SolutionProperties) = preSolution
		HideSolutionNode = FALSE
	EndGlobalSection
	GlobalSection(ProjectConfigurationPlatforms) = postSolution
		{7F98A6E5-EFBD-413C-A934-BC82E2D5AA57}.Debug|Any CPU.ActiveCfg = Debug|Any CPU
		{7F98A6E5-EFBD-413C-A934-BC82E2D5AA57}.Debug|Any CPU.Build.0 = Debug|Any CPU
		{7F98A6E5-EFBD-413C-A934-BC82E2D5AA57}.Release|Any CPU.ActiveCfg = Release|Any CPU
		{7F98A6E5-EFBD-413C-A934-BC82E2D5AA57}.Release|Any CPU.Build.0 = Release|Any CPU
		{3CC350F5-13D3-48B6-9F1D-58BBF3CFA1A6}.Debug|Any CPU.ActiveCfg = Debug|Any CPU
		{3CC350F5-13D3-48B6-9F1D-58BBF3CFA1A6}.Debug|Any CPU.Build.0 = Debug|Any CPU
		{3CC350F5-13D3-48B6-9F1D-58BBF3CFA1A6}.Release|Any CPU.ActiveCfg = Release|Any CPU
		{3CC350F5-13D3-48B6-9F1D-58BBF3CFA1A6}.Release|Any CPU.Build.0 = Release|Any CPU
		{88274AEF-A072-4196-92E1-254CD8B94E1D}.Debug|Any CPU.ActiveCfg = Debug|Any CPU
		{88274AEF-A072-4196-92E1-254CD8B94E1D}.Debug|Any CPU.Build.0 = Debug|Any CPU
		{88274AEF-A072-4196-92E1-254CD8B94E1D}.Release|Any CPU.ActiveCfg = Release|Any CPU
		{88274AEF-A072-4196-92E1-254CD8B94E1D}.Release|Any CPU.Build.0 = Release|Any CPU
	EndGlobalSection
EndGlobal
